
Microsoft Visual Studio Solution File, Format Version 12.00
# Visual Studio Version 17
VisualStudioVersion = 17.2.32519.379
MinimumVisualStudioVersion = 10.0.40219.1
Project("{9A19103F-16F7-4668-BE54-9A1E7A4F7556}") = "TestApp", "TestApp\TestApp.csproj", "{FEC3E284-81B8-41A8-ABD9-F8A2899EBAE1}"
EndProject
Project("{FAE04EC0-301F-11D3-BF4B-00C04F79EFBC}") = "TestApp.Tests", "TestApp.Tests\TestApp.Tests.csproj", "{93CE5F91-8052-489B-841F-74B9D198A160}"
EndProject
Global
	GlobalSection(SolutionConfigurationPlatforms) = preSolution
		Debug|Any CPU = Debug|Any CPU
		Release|Any CPU = Release|Any CPU
	EndGlobalSection
	GlobalSection(ProjectConfigurationPlatforms) = postSolution
		{FEC3E284-81B8-41A8-ABD9-F8A2899EBAE1}.Debug|Any CPU.ActiveCfg = Debug|Any CPU
		{FEC3E284-81B8-41A8-ABD9-F8A2899EBAE1}.Debug|Any CPU.Build.0 = Debug|Any CPU
		{FEC3E284-81B8-41A8-ABD9-F8A2899EBAE1}.Release|Any CPU.ActiveCfg = Release|Any CPU
		{FEC3E284-81B8-41A8-ABD9-F8A2899EBAE1}.Release|Any CPU.Build.0 = Release|Any CPU
		{93CE5F91-8052-489B-841F-74B9D198A160}.Debug|Any CPU.ActiveCfg = Debug|Any CPU
		{93CE5F91-8052-489B-841F-74B9D198A160}.Debug|Any CPU.Build.0 = Debug|Any CPU
		{93CE5F91-8052-489B-841F-74B9D198A160}.Release|Any CPU.ActiveCfg = Release|Any CPU
		{93CE5F91-8052-489B-841F-74B9D198A160}.Release|Any CPU.Build.0 = Release|Any CPU
	EndGlobalSection
	GlobalSection(SolutionProperties) = preSolution
		HideSolutionNode = FALSE
	EndGlobalSection
	GlobalSection(ExtensibilityGlobals) = postSolution
		SolutionGuid = {CC9875CE-28EC-408B-B6BB-A0DDDE20AC5B}
	EndGlobalSection
EndGlobal
